version = 1
revision = 3
requires-python = ">=3.13"

[[package]]
name = "click"
version = "8.2.1"
source = { registry = "https://pypi.org/simple" }
dependencies = [
    { name = "colorama", marker = "sys_platform == 'win32'" },
]
sdist = { url = "https://files.pythonhosted.org/packages/60/6c/8ca2efa64cf75a977a0d7fac081354553ebe483345c734fb6b6515d96bbc/click-8.2.1.tar.gz", hash = "sha256:27c491cc05d968d271d5a1db13e3b5a184636d9d930f148c50b038f0d0646202", size = 286342, upload-time = "2025-05-20T23:19:49.832Z" }
wheels = [
    { url = "https://files.pythonhosted.org/packages/85/32/10bb5764d90a8eee674e9dc6f4db6a0ab47c8c4d0d83c27f7c39ac415a4d/click-8.2.1-py3-none-any.whl", hash = "sha256:61a3265b914e850b85317d0b3109c7f8cd35a670f963866005d6ef1d5175a12b", size = 102215, upload-time = "2025-05-20T23:19:47.796Z" },
]

[[package]]
name = "colorama"
version = "0.4.6"
source = { registry = "https://pypi.org/simple" }
sdist = { url = "https://files.pythonhosted.org/packages/d8/53/6f443c9a4a8358a93a6792e2acffb9d9d5cb0a5cfd8802644b7b1c9a02e4/colorama-0.4.6.tar.gz", hash = "sha256:08695f5cb7ed6e0531a20572697297273c47b8cae5a63ffc6d6ed5c201be6e44", size = 27697, upload-time = "2022-10-25T02:36:22.414Z" }
wheels = [
    { url = "https://files.pythonhosted.org/packages/d1/d6/3965ed04c63042e047cb6a3e6ed1a63a35087b6a609aa3a15ed8ac56c221/colorama-0.4.6-py2.py3-none-any.whl", hash = "sha256:4f1d9991f5acc0ca119f9d443620b77f9d6b33703e51011c16baf57afb285fc6", size = 25335, upload-time = "2022-10-25T02:36:20.889Z" },
]

[[package]]
name = "dateparser"
version = "1.2.2"
source = { registry = "https://pypi.org/simple" }
dependencies = [
    { name = "python-dateutil" },
    { name = "pytz" },
    { name = "regex" },
    { name = "tzlocal" },
]
sdist = { url = "https://files.pythonhosted.org/packages/a9/30/064144f0df1749e7bb5faaa7f52b007d7c2d08ec08fed8411aba87207f68/dateparser-1.2.2.tar.gz", hash = "sha256:986316f17cb8cdc23ea8ce563027c5ef12fc725b6fb1d137c14ca08777c5ecf7", size = 329840, upload-time = "2025-06-26T09:29:23.211Z" }
wheels = [
    { url = "https://files.pythonhosted.org/packages/87/22/f020c047ae1346613db9322638186468238bcfa8849b4668a22b97faad65/dateparser-1.2.2-py3-none-any.whl", hash = "sha256:5a5d7211a09013499867547023a2a0c91d5a27d15dd4dbcea676ea9fe66f2482", size = 315453, upload-time = "2025-06-26T09:29:21.412Z" },
]

[[package]]
name = "ftfy"
version = "6.3.1"
source = { registry = "https://pypi.org/simple" }
dependencies = [
    { name = "wcwidth" },
]
sdist = { url = "https://files.pythonhosted.org/packages/a5/d3/8650919bc3c7c6e90ee3fa7fd618bf373cbbe55dff043bd67353dbb20cd8/ftfy-6.3.1.tar.gz", hash = "sha256:9b3c3d90f84fb267fe64d375a07b7f8912d817cf86009ae134aa03e1819506ec", size = 308927, upload-time = "2024-10-26T00:50:35.149Z" }
wheels = [
    { url = "https://files.pythonhosted.org/packages/ab/6e/81d47999aebc1b155f81eca4477a616a70f238a2549848c38983f3c22a82/ftfy-6.3.1-py3-none-any.whl", hash = "sha256:7c70eb532015cd2f9adb53f101fb6c7945988d023a085d127d1573dc49dd0083", size = 44821, upload-time = "2024-10-26T00:50:33.425Z" },
]

[[package]]
name = "icalendar"
version = "6.3.1"
source = { registry = "https://pypi.org/simple" }
dependencies = [
    { name = "python-dateutil" },
    { name = "tzdata" },
]
sdist = { url = "https://files.pythonhosted.org/packages/08/13/e5899c916dcf1343ea65823eb7278d3e1a1d679f383f6409380594b5f322/icalendar-6.3.1.tar.gz", hash = "sha256:a697ce7b678072941e519f2745704fc29d78ef92a2dc53d9108ba6a04aeba466", size = 177169, upload-time = "2025-05-20T07:42:50.683Z" }
wheels = [
    { url = "https://files.pythonhosted.org/packages/6c/25/b5fc00e85d2dfaf5c806ac8b5f1de072fa11630c5b15b4ae5bbc228abd51/icalendar-6.3.1-py3-none-any.whl", hash = "sha256:7ea1d1b212df685353f74cdc6ec9646bf42fa557d1746ea645ce8779fdfbecdd", size = 242349, upload-time = "2025-05-20T07:42:48.589Z" },
]

[[package]]
name = "ics-fixer"
version = "1.0"
source = { editable = "." }
dependencies = [
    { name = "dateparser" },
    { name = "ftfy" },
    { name = "icalendar" },
    { name = "typer-slim" },
]

[package.metadata]
requires-dist = [
    { name = "dateparser", specifier = ">=1.2.2" },
    { name = "ftfy", specifier = ">=6.3.1" },
    { name = "icalendar", specifier = ">=6.3.1" },
    { name = "typer-slim", specifier = ">=0.17.4" },
]

[[package]]
name = "python-dateutil"
version = "2.9.0.post0"
source = { registry = "https://pypi.org/simple" }
dependencies = [
    { name = "six" },
]
sdist = { url = "https://files.pythonhosted.org/packages/66/c0/0c8b6ad9f17a802ee498c46e004a0eb49bc148f2fd230864601a86dcf6db/python-dateutil-2.9.0.post0.tar.gz", hash = "sha256:37dd54208da7e1cd875388217d5e00ebd4179249f90fb72437e91a35459a0ad3", size = 342432, upload-time = "2024-03-01T18:36:20.211Z" }
wheels = [
    { url = "https://files.pythonhosted.org/packages/ec/57/56b9bcc3c9c6a792fcbaf139543cee77261f3651ca9da0c93f5c1221264b/python_dateutil-2.9.0.post0-py2.py3-none-any.whl", hash = "sha256:a8b2bc7bffae282281c8140a97d3aa9c14da0b136dfe83f850eea9a5f7470427", size = 229892, upload-time = "2024-03-01T18:36:18.57Z" },
]

[[package]]
name = "pytz"
version = "2025.2"
source = { registry = "https://pypi.org/simple" }
sdist = { url = "https://files.pythonhosted.org/packages/f8/bf/abbd3cdfb8fbc7fb3d4d38d320f2441b1e7cbe29be4f23797b4a2b5d8aac/pytz-2025.2.tar.gz", hash = "sha256:360b9e3dbb49a209c21ad61809c7fb453643e048b38924c765813546746e81c3", size = 320884, upload-time = "2025-03-25T02:25:00.538Z" }
wheels = [
    { url = "https://files.pythonhosted.org/packages/81/c4/34e93fe5f5429d7570ec1fa436f1986fb1f00c3e0f43a589fe2bbcd22c3f/pytz-2025.2-py2.py3-none-any.whl", hash = "sha256:5ddf76296dd8c44c26eb8f4b6f35488f3ccbf6fbbd7adee0b7262d43f0ec2f00", size = 509225, upload-time = "2025-03-25T02:24:58.468Z" },
]

[[package]]
name = "regex"
version = "2025.9.1"
source = { registry = "https://pypi.org/simple" }
sdist = { url = "https://files.pythonhosted.org/packages/b2/5a/4c63457fbcaf19d138d72b2e9b39405954f98c0349b31c601bfcb151582c/regex-2025.9.1.tar.gz", hash = "sha256:88ac07b38d20b54d79e704e38aa3bd2c0f8027432164226bdee201a1c0c9c9ff", size = 400852, upload-time = "2025-09-01T22:10:10.479Z" }
wheels = [
    { url = "https://files.pythonhosted.org/packages/98/25/b2959ce90c6138c5142fe5264ee1f9b71a0c502ca4c7959302a749407c79/regex-2025.9.1-cp313-cp313-macosx_10_13_universal2.whl", hash = "sha256:bc6834727d1b98d710a63e6c823edf6ffbf5792eba35d3fa119531349d4142ef", size = 485932, upload-time = "2025-09-01T22:08:57.913Z" },
    { url = "https://files.pythonhosted.org/packages/49/2e/6507a2a85f3f2be6643438b7bd976e67ad73223692d6988eb1ff444106d3/regex-2025.9.1-cp313-cp313-macosx_10_13_x86_64.whl", hash = "sha256:c3dc05b6d579875719bccc5f3037b4dc80433d64e94681a0061845bd8863c025", size = 289568, upload-time = "2025-09-01T22:08:59.258Z" },
    { url = "https://files.pythonhosted.org/packages/c7/d8/de4a4b57215d99868f1640e062a7907e185ec7476b4b689e2345487c1ff4/regex-2025.9.1-cp313-cp313-macosx_11_0_arm64.whl", hash = "sha256:22213527df4c985ec4a729b055a8306272d41d2f45908d7bacb79be0fa7a75ad", size = 286984, upload-time = "2025-09-01T22:09:00.835Z" },
    { url = "https://files.pythonhosted.org/packages/03/15/e8cb403403a57ed316e80661db0e54d7aa2efcd85cb6156f33cc18746922/regex-2025.9.1-cp313-cp313-manylinux2014_aarch64.manylinux_2_17_aarch64.manylinux_2_28_aarch64.whl", hash = "sha256:8e3f6e3c5a5a1adc3f7ea1b5aec89abfc2f4fbfba55dafb4343cd1d084f715b2", size = 797514, upload-time = "2025-09-01T22:09:02.538Z" },
    { url = "https://files.pythonhosted.org/packages/e4/26/2446f2b9585fed61faaa7e2bbce3aca7dd8df6554c32addee4c4caecf24a/regex-2025.9.1-cp313-cp313-manylinux2014_ppc64le.manylinux_2_17_ppc64le.manylinux_2_28_ppc64le.whl", hash = "sha256:bcb89c02a0d6c2bec9b0bb2d8c78782699afe8434493bfa6b4021cc51503f249", size = 862586, upload-time = "2025-09-01T22:09:04.322Z" },
    { url = "https://files.pythonhosted.org/packages/fd/b8/82ffbe9c0992c31bbe6ae1c4b4e21269a5df2559102b90543c9b56724c3c/regex-2025.9.1-cp313-cp313-manylinux2014_s390x.manylinux_2_17_s390x.manylinux_2_28_s390x.whl", hash = "sha256:b0e2f95413eb0c651cd1516a670036315b91b71767af83bc8525350d4375ccba", size = 910815, upload-time = "2025-09-01T22:09:05.978Z" },
    { url = "https://files.pythonhosted.org/packages/2f/d8/7303ea38911759c1ee30cc5bc623ee85d3196b733c51fd6703c34290a8d9/regex-2025.9.1-cp313-cp313-manylinux2014_x86_64.manylinux_2_17_x86_64.manylinux_2_28_x86_64.whl", hash = "sha256:09a41dc039e1c97d3c2ed3e26523f748e58c4de3ea7a31f95e1cf9ff973fff5a", size = 802042, upload-time = "2025-09-01T22:09:07.865Z" },
    { url = "https://files.pythonhosted.org/packages/fc/0e/6ad51a55ed4b5af512bb3299a05d33309bda1c1d1e1808fa869a0bed31bc/regex-2025.9.1-cp313-cp313-musllinux_1_2_aarch64.whl", hash = "sha256:4f0b4258b161094f66857a26ee938d3fe7b8a5063861e44571215c44fbf0e5df", size = 786764, upload-time = "2025-09-01T22:09:09.362Z" },
    { url = "https://files.pythonhosted.org/packages/8d/d5/394e3ffae6baa5a9217bbd14d96e0e5da47bb069d0dbb8278e2681a2b938/regex-2025.9.1-cp313-cp313-musllinux_1_2_ppc64le.whl", hash = "sha256:bf70e18ac390e6977ea7e56f921768002cb0fa359c4199606c7219854ae332e0", size = 856557, upload-time = "2025-09-01T22:09:11.129Z" },
    { url = "https://files.pythonhosted.org/packages/cd/80/b288d3910c41194ad081b9fb4b371b76b0bbfdce93e7709fc98df27b37dc/regex-2025.9.1-cp313-cp313-musllinux_1_2_s390x.whl", hash = "sha256:b84036511e1d2bb0a4ff1aec26951caa2dea8772b223c9e8a19ed8885b32dbac", size = 849108, upload-time = "2025-09-01T22:09:12.877Z" },
    { url = "https://files.pythonhosted.org/packages/d1/cd/5ec76bf626d0d5abdc277b7a1734696f5f3d14fbb4a3e2540665bc305d85/regex-2025.9.1-cp313-cp313-musllinux_1_2_x86_64.whl", hash = "sha256:c2e05dcdfe224047f2a59e70408274c325d019aad96227ab959403ba7d58d2d7", size = 788201, upload-time = "2025-09-01T22:09:14.561Z" },
    { url = "https://files.pythonhosted.org/packages/b5/36/674672f3fdead107565a2499f3007788b878188acec6d42bc141c5366c2c/regex-2025.9.1-cp313-cp313-win32.whl", hash = "sha256:3b9a62107a7441b81ca98261808fed30ae36ba06c8b7ee435308806bd53c1ed8", size = 264508, upload-time = "2025-09-01T22:09:16.193Z" },
    { url = "https://files.pythonhosted.org/packages/83/ad/931134539515eb64ce36c24457a98b83c1b2e2d45adf3254b94df3735a76/regex-2025.9.1-cp313-cp313-win_amd64.whl", hash = "sha256:b38afecc10c177eb34cfae68d669d5161880849ba70c05cbfbe409f08cc939d7", size = 275469, upload-time = "2025-09-01T22:09:17.462Z" },
    { url = "https://files.pythonhosted.org/packages/24/8c/96d34e61c0e4e9248836bf86d69cb224fd222f270fa9045b24e218b65604/regex-2025.9.1-cp313-cp313-win_arm64.whl", hash = "sha256:ec329890ad5e7ed9fc292858554d28d58d56bf62cf964faf0aa57964b21155a0", size = 268586, upload-time = "2025-09-01T22:09:18.948Z" },
    { url = "https://files.pythonhosted.org/packages/21/b1/453cbea5323b049181ec6344a803777914074b9726c9c5dc76749966d12d/regex-2025.9.1-cp314-cp314-macosx_10_13_universal2.whl", hash = "sha256:72fb7a016467d364546f22b5ae86c45680a4e0de6b2a6f67441d22172ff641f1", size = 486111, upload-time = "2025-09-01T22:09:20.734Z" },
    { url = "https://files.pythonhosted.org/packages/f6/0e/92577f197bd2f7652c5e2857f399936c1876978474ecc5b068c6d8a79c86/regex-2025.9.1-cp314-cp314-macosx_10_13_x86_64.whl", hash = "sha256:c9527fa74eba53f98ad86be2ba003b3ebe97e94b6eb2b916b31b5f055622ef03", size = 289520, upload-time = "2025-09-01T22:09:22.249Z" },
    { url = "https://files.pythonhosted.org/packages/af/c6/b472398116cca7ea5a6c4d5ccd0fc543f7fd2492cb0c48d2852a11972f73/regex-2025.9.1-cp314-cp314-macosx_11_0_arm64.whl", hash = "sha256:c905d925d194c83a63f92422af7544ec188301451b292c8b487f0543726107ca", size = 287215, upload-time = "2025-09-01T22:09:23.657Z" },
    { url = "https://files.pythonhosted.org/packages/cf/11/f12ecb0cf9ca792a32bb92f758589a84149017467a544f2f6bfb45c0356d/regex-2025.9.1-cp314-cp314-manylinux2014_aarch64.manylinux_2_17_aarch64.manylinux_2_28_aarch64.whl", hash = "sha256:74df7c74a63adcad314426b1f4ea6054a5ab25d05b0244f0c07ff9ce640fa597", size = 797855, upload-time = "2025-09-01T22:09:25.197Z" },
    { url = "https://files.pythonhosted.org/packages/46/88/bbb848f719a540fb5997e71310f16f0b33a92c5d4b4d72d4311487fff2a3/regex-2025.9.1-cp314-cp314-manylinux2014_ppc64le.manylinux_2_17_ppc64le.manylinux_2_28_ppc64le.whl", hash = "sha256:4f6e935e98ea48c7a2e8be44494de337b57a204470e7f9c9c42f912c414cd6f5", size = 863363, upload-time = "2025-09-01T22:09:26.705Z" },
    { url = "https://files.pythonhosted.org/packages/54/a9/2321eb3e2838f575a78d48e03c1e83ea61bd08b74b7ebbdeca8abc50fc25/regex-2025.9.1-cp314-cp314-manylinux2014_s390x.manylinux_2_17_s390x.manylinux_2_28_s390x.whl", hash = "sha256:4a62d033cd9ebefc7c5e466731a508dfabee827d80b13f455de68a50d3c2543d", size = 910202, upload-time = "2025-09-01T22:09:28.906Z" },
    { url = "https://files.pythonhosted.org/packages/33/07/d1d70835d7d11b7e126181f316f7213c4572ecf5c5c97bdbb969fb1f38a2/regex-2025.9.1-cp314-cp314-manylinux2014_x86_64.manylinux_2_17_x86_64.manylinux_2_28_x86_64.whl", hash = "sha256:ef971ebf2b93bdc88d8337238be4dfb851cc97ed6808eb04870ef67589415171", size = 801808, upload-time = "2025-09-01T22:09:30.733Z" },
    { url = "https://files.pythonhosted.org/packages/13/d1/29e4d1bed514ef2bf3a4ead3cb8bb88ca8af94130239a4e68aa765c35b1c/regex-2025.9.1-cp314-cp314-musllinux_1_2_aarch64.whl", hash = "sha256:d936a1db208bdca0eca1f2bb2c1ba1d8370b226785c1e6db76e32a228ffd0ad5", size = 786824, upload-time = "2025-09-01T22:09:32.61Z" },
    { url = "https://files.pythonhosted.org/packages/33/27/20d8ccb1bee460faaa851e6e7cc4cfe852a42b70caa1dca22721ba19f02f/regex-2025.9.1-cp314-cp314-musllinux_1_2_ppc64le.whl", hash = "sha256:7e786d9e4469698fc63815b8de08a89165a0aa851720eb99f5e0ea9d51dd2b6a", size = 857406, upload-time = "2025-09-01T22:09:34.117Z" },
    { url = "https://files.pythonhosted.org/packages/74/fe/60c6132262dc36430d51e0c46c49927d113d3a38c1aba6a26c7744c84cf3/regex-2025.9.1-cp314-cp314-musllinux_1_2_s390x.whl", hash = "sha256:6b81d7dbc5466ad2c57ce3a0ddb717858fe1a29535c8866f8514d785fdb9fc5b", size = 848593, upload-time = "2025-09-01T22:09:35.598Z" },
    { url = "https://files.pythonhosted.org/packages/cc/ae/2d4ff915622fabbef1af28387bf71e7f2f4944a348b8460d061e85e29bf0/regex-2025.9.1-cp314-cp314-musllinux_1_2_x86_64.whl", hash = "sha256:cd4890e184a6feb0ef195338a6ce68906a8903a0f2eb7e0ab727dbc0a3156273", size = 787951, upload-time = "2025-09-01T22:09:37.139Z" },
    { url = "https://files.pythonhosted.org/packages/85/37/dc127703a9e715a284cc2f7dbdd8a9776fd813c85c126eddbcbdd1ca5fec/regex-2025.9.1-cp314-cp314-win32.whl", hash = "sha256:34679a86230e46164c9e0396b56cab13c0505972343880b9e705083cc5b8ec86", size = 269833, upload-time = "2025-09-01T22:09:39.245Z" },
    { url = "https://files.pythonhosted.org/packages/83/bf/4bed4d3d0570e16771defd5f8f15f7ea2311edcbe91077436d6908956c4a/regex-2025.9.1-cp314-cp314-win_amd64.whl", hash = "sha256:a1196e530a6bfa5f4bde029ac5b0295a6ecfaaffbfffede4bbaf4061d9455b70", size = 278742, upload-time = "2025-09-01T22:09:40.651Z" },
    { url = "https://files.pythonhosted.org/packages/cf/3e/7d7ac6fd085023312421e0d69dfabdfb28e116e513fadbe9afe710c01893/regex-2025.9.1-cp314-cp314-win_arm64.whl", hash = "sha256:f46d525934871ea772930e997d577d48c6983e50f206ff7b66d4ac5f8941e993", size = 271860, upload-time = "2025-09-01T22:09:42.413Z" },
]

[[package]]
name = "six"
version = "1.17.0"
source = { registry = "https://pypi.org/simple" }
sdist = { url = "https://files.pythonhosted.org/packages/94/e7/b2c673351809dca68a0e064b6af791aa332cf192da575fd474ed7d6f16a2/six-1.17.0.tar.gz", hash = "sha256:ff70335d468e7eb6ec65b95b99d3a2836546063f63acc5171de367e834932a81", size = 34031, upload-time = "2024-12-04T17:35:28.174Z" }
wheels = [
    { url = "https://files.pythonhosted.org/packages/b7/ce/149a00dd41f10bc29e5921b496af8b574d8413afcd5e30dfa0ed46c2cc5e/six-1.17.0-py2.py3-none-any.whl", hash = "sha256:4721f391ed90541fddacab5acf947aa0d3dc7d27b2e1e8eda2be8970586c3274", size = 11050, upload-time = "2024-12-04T17:35:26.475Z" },
]

[[package]]
name = "typer-slim"
version = "0.17.4"
source = { registry = "https://pypi.org/simple" }
dependencies = [
    { name = "click" },
    { name = "typing-extensions" },
]
sdist = { url = "https://files.pythonhosted.org/packages/e2/ef/dc076911b8f4123943c1957e31351a5a98afc780468f5e8a50e7b581e464/typer_slim-0.17.4.tar.gz", hash = "sha256:c25430a74e45546df3e76b53bdfd0a1d86569d319f9c387e76e1b25a4dd72a0c", size = 103755, upload-time = "2025-09-05T18:14:38.961Z" }
wheels = [
    { url = "https://files.pythonhosted.org/packages/c3/87/542ac401409f79534ef435dafd2d7532cd018c017157322975f76de2f0ee/typer_slim-0.17.4-py3-none-any.whl", hash = "sha256:b0edb16f7978d945b5bc23c057c2af99e58c0601827bddbbe240b4b52eb364bc", size = 46703, upload-time = "2025-09-05T18:14:37.301Z" },
]

[[package]]
name = "typing-extensions"
version = "4.15.0"
source = { registry = "https://pypi.org/simple" }
sdist = { url = "https://files.pythonhosted.org/packages/72/94/1a15dd82efb362ac84269196e94cf00f187f7ed21c242792a923cdb1c61f/typing_extensions-4.15.0.tar.gz", hash = "sha256:0cea48d173cc12fa28ecabc3b837ea3cf6f38c6d1136f85cbaaf598984861466", size = 109391, upload-time = "2025-08-25T13:49:26.313Z" }
wheels = [
    { url = "https://files.pythonhosted.org/packages/18/67/36e9267722cc04a6b9f15c7f3441c2363321a3ea07da7ae0c0707beb2a9c/typing_extensions-4.15.0-py3-none-any.whl", hash = "sha256:f0fa19c6845758ab08074a0cfa8b7aecb71c999ca73d62883bc25cc018c4e548", size = 44614, upload-time = "2025-08-25T13:49:24.86Z" },
]

[[package]]
name = "tzdata"
version = "2025.2"
source = { registry = "https://pypi.org/simple" }
sdist = { url = "https://files.pythonhosted.org/packages/95/32/1a225d6164441be760d75c2c42e2780dc0873fe382da3e98a2e1e48361e5/tzdata-2025.2.tar.gz", hash = "sha256:b60a638fcc0daffadf82fe0f57e53d06bdec2f36c4df66280ae79bce6bd6f2b9", size = 196380, upload-time = "2025-03-23T13:54:43.652Z" }
wheels = [
    { url = "https://files.pythonhosted.org/packages/5c/23/c7abc0ca0a1526a0774eca151daeb8de62ec457e77262b66b359c3c7679e/tzdata-2025.2-py2.py3-none-any.whl", hash = "sha256:1a403fada01ff9221ca8044d701868fa132215d84beb92242d9acd2147f667a8", size = 347839, upload-time = "2025-03-23T13:54:41.845Z" },
]

[[package]]
name = "tzlocal"
version = "5.3.1"
source = { registry = "https://pypi.org/simple" }
dependencies = [
    { name = "tzdata", marker = "sys_platform == 'win32'" },
]
sdist = { url = "https://files.pythonhosted.org/packages/8b/2e/c14812d3d4d9cd1773c6be938f89e5735a1f11a9f184ac3639b93cef35d5/tzlocal-5.3.1.tar.gz", hash = "sha256:cceffc7edecefea1f595541dbd6e990cb1ea3d19bf01b2809f362a03dd7921fd", size = 30761, upload-time = "2025-03-05T21:17:41.549Z" }
wheels = [
    { url = "https://files.pythonhosted.org/packages/c2/14/e2a54fabd4f08cd7af1c07030603c3356b74da07f7cc056e600436edfa17/tzlocal-5.3.1-py3-none-any.whl", hash = "sha256:eb1a66c3ef5847adf7a834f1be0800581b683b5608e74f86ecbcef8ab91bb85d", size = 18026, upload-time = "2025-03-05T21:17:39.857Z" },
]

[[package]]
name = "wcwidth"
version = "0.2.13"
source = { registry = "https://pypi.org/simple" }
sdist = { url = "https://files.pythonhosted.org/packages/6c/63/53559446a878410fc5a5974feb13d31d78d752eb18aeba59c7fef1af7598/wcwidth-0.2.13.tar.gz", hash = "sha256:72ea0c06399eb286d978fdedb6923a9eb47e1c486ce63e9b4e64fc18303972b5", size = 101301, upload-time = "2024-01-06T02:10:57.829Z" }
wheels = [
    { url = "https://files.pythonhosted.org/packages/fd/84/fd2ba7aafacbad3c4201d395674fc6348826569da3c0937e75505ead3528/wcwidth-0.2.13-py2.py3-none-any.whl", hash = "sha256:3da69048e4540d84af32131829ff948f1e022c1c6bdb8d6102117aac784f6859", size = 34166, upload-time = "2024-01-06T02:10:55.763Z" },
]
